// !$*UTF8*$!
{
	archiveVersion = 1;
	classes = {
	};
	objectVersion = 52;
	objects = {

/* Begin PBXBuildFile section */
		6156A8AF2570476000FADE2B /* DictionaryEncoder.swift in Sources */ = {isa = PBXBuildFile; fileRef = 6156A8AE2570476000FADE2B /* DictionaryEncoder.swift */; };
		6156A8B42570477800FADE2B /* DictionaryDecoder.swift in Sources */ = {isa = PBXBuildFile; fileRef = 6156A8B32570477800FADE2B /* DictionaryDecoder.swift */; };
		6156A8B9257047A000FADE2B /* CouchbaseLite.swift in Sources */ = {isa = PBXBuildFile; fileRef = 6156A8B8257047A000FADE2B /* CouchbaseLite.swift */; };
		6156A8FF2571576C00FADE2B /* RemoteBeesDependencies.h in Headers */ = {isa = PBXBuildFile; fileRef = 6156A8EF2571576C00FADE2B /* RemoteBeesDependencies.h */; settings = {ATTRIBUTES = (Public, ); }; };
		6156A9022571576C00FADE2B /* RemoteBeesDependencies.framework in Frameworks */ = {isa = PBXBuildFile; fileRef = 6156A8ED2571576C00FADE2B /* RemoteBeesDependencies.framework */; };
		6156A9032571576C00FADE2B /* RemoteBeesDependencies.framework in Embed Frameworks */ = {isa = PBXBuildFile; fileRef = 6156A8ED2571576C00FADE2B /* RemoteBeesDependencies.framework */; settings = {ATTRIBUTES = (CodeSignOnCopy, RemoveHeadersOnCopy, ); }; };
		6156A914257157AA00FADE2B /* PromiseKit in Frameworks */ = {isa = PBXBuildFile; productRef = 6156A913257157AA00FADE2B /* PromiseKit */; };
		6156A91E257157E700FADE2B /* HTTPServiceKit in Frameworks */ = {isa = PBXBuildFile; productRef = 6156A91D257157E700FADE2B /* HTTPServiceKit */; };
		6156A920257157EF00FADE2B /* FlowKit in Frameworks */ = {isa = PBXBuildFile; productRef = 6156A91F257157EF00FADE2B /* FlowKit */; };
		6156A92F2571586C00FADE2B /* RemoteBeesFlow.framework in Frameworks */ = {isa = PBXBuildFile; fileRef = 6156A92E2571586C00FADE2B /* RemoteBeesFlow.framework */; };
		6156A9302571586C00FADE2B /* RemoteBeesFlow.framework in Embed Frameworks */ = {isa = PBXBuildFile; fileRef = 6156A92E2571586C00FADE2B /* RemoteBeesFlow.framework */; settings = {ATTRIBUTES = (CodeSignOnCopy, RemoveHeadersOnCopy, ); }; };
		6156AA0E2571B4FB00FADE2B /* StartupFlowController.swift in Sources */ = {isa = PBXBuildFile; fileRef = 6156AA0D2571B4FB00FADE2B /* StartupFlowController.swift */; };
		6156AA252571C8EA00FADE2B /* OnboardFlowController.swift in Sources */ = {isa = PBXBuildFile; fileRef = 6156AA242571C8EA00FADE2B /* OnboardFlowController.swift */; };
		6156AA2D2571CABA00FADE2B /* OnboardView.swift in Sources */ = {isa = PBXBuildFile; fileRef = 6156AA2C2571CABA00FADE2B /* OnboardView.swift */; };
		6156AA342571CDD000FADE2B /* RoundedCorners.swift in Sources */ = {isa = PBXBuildFile; fileRef = 6156AA332571CDD000FADE2B /* RoundedCorners.swift */; };
		6156AA392571CFAD00FADE2B /* UIColor+Extensions.swift in Sources */ = {isa = PBXBuildFile; fileRef = 6156AA382571CFAD00FADE2B /* UIColor+Extensions.swift */; };
		6156AA3E2571D06400FADE2B /* Colors.xcassets in Resources */ = {isa = PBXBuildFile; fileRef = 6156AA3D2571D06400FADE2B /* Colors.xcassets */; };
		6156AA4C2571FE1D00FADE2B /* LoginFlowController.swift in Sources */ = {isa = PBXBuildFile; fileRef = 6156AA4B2571FE1D00FADE2B /* LoginFlowController.swift */; };
		6156AA512571FEAD00FADE2B /* LoginView.swift in Sources */ = {isa = PBXBuildFile; fileRef = 6156AA502571FEAD00FADE2B /* LoginView.swift */; };
		6156AA5C25720D1200FADE2B /* ForgotPasswordView.swift in Sources */ = {isa = PBXBuildFile; fileRef = 6156AA5B25720D1200FADE2B /* ForgotPasswordView.swift */; };
		6156AA6425720F5600FADE2B /* SignUpFlowController.swift in Sources */ = {isa = PBXBuildFile; fileRef = 6156AA6325720F5600FADE2B /* SignUpFlowController.swift */; };
		6156AA6925720FB600FADE2B /* SignUpView.swift in Sources */ = {isa = PBXBuildFile; fileRef = 6156AA6825720FB600FADE2B /* SignUpView.swift */; };
		6156AA74257213FF00FADE2B /* JobBoardFlowController.swift in Sources */ = {isa = PBXBuildFile; fileRef = 6156AA73257213FF00FADE2B /* JobBoardFlowController.swift */; };
		6156AA7C257214B300FADE2B /* JobBoardView.swift in Sources */ = {isa = PBXBuildFile; fileRef = 6156AA7B257214B300FADE2B /* JobBoardView.swift */; };
		6156AA8E2572C81800FADE2B /* JobSearchBar.swift in Sources */ = {isa = PBXBuildFile; fileRef = 6156AA8D2572C81800FADE2B /* JobSearchBar.swift */; };
		6156AA9E2572DCC800FADE2B /* JobRow.swift in Sources */ = {isa = PBXBuildFile; fileRef = 6156AA9D2572DCC800FADE2B /* JobRow.swift */; };
		6156AAB52572F33D00FADE2B /* ContentService.swift in Sources */ = {isa = PBXBuildFile; fileRef = 6156AAB42572F33D00FADE2B /* ContentService.swift */; };
		6156AABB2572F3BB00FADE2B /* RemoteBeesContentService.swift in Sources */ = {isa = PBXBuildFile; fileRef = 6156AABA2572F3BB00FADE2B /* RemoteBeesContentService.swift */; };
		61A6C99A256859CC00A2034B /* AppDelegate.swift in Sources */ = {isa = PBXBuildFile; fileRef = 61A6C999256859CC00A2034B /* AppDelegate.swift */; };
		61A6C99C256859CC00A2034B /* SceneDelegate.swift in Sources */ = {isa = PBXBuildFile; fileRef = 61A6C99B256859CC00A2034B /* SceneDelegate.swift */; };
		61A6C9A1256859CC00A2034B /* Main.storyboard in Resources */ = {isa = PBXBuildFile; fileRef = 61A6C99F256859CC00A2034B /* Main.storyboard */; };
		61A6C9A3256859CD00A2034B /* Assets.xcassets in Resources */ = {isa = PBXBuildFile; fileRef = 61A6C9A2256859CD00A2034B /* Assets.xcassets */; };
		61A6C9A6256859CD00A2034B /* LaunchScreen.storyboard in Resources */ = {isa = PBXBuildFile; fileRef = 61A6C9A4256859CD00A2034B /* LaunchScreen.storyboard */; };
		61A6C9B1256859CD00A2034B /* RemoteBeesTests.swift in Sources */ = {isa = PBXBuildFile; fileRef = 61A6C9B0256859CD00A2034B /* RemoteBeesTests.swift */; };
		61A6C9BC256859CD00A2034B /* RemoteBeesUITests.swift in Sources */ = {isa = PBXBuildFile; fileRef = 61A6C9BB256859CD00A2034B /* RemoteBeesUITests.swift */; };
		61A6C9D925686A6F00A2034B /* Logging in Frameworks */ = {isa = PBXBuildFile; productRef = 61A6C9D825686A6F00A2034B /* Logging */; };
		61A6C9DF25686A8B00A2034B /* LoggingOSLog in Frameworks */ = {isa = PBXBuildFile; productRef = 61A6C9DE25686A8B00A2034B /* LoggingOSLog */; };
		61A6C9FA25686C6800A2034B /* CouchbaseLiteSwift in Frameworks */ = {isa = PBXBuildFile; productRef = 61A6C9F925686C6800A2034B /* CouchbaseLiteSwift */; };
		61A6CA0925686E4B00A2034B /* AppProxy.swift in Sources */ = {isa = PBXBuildFile; fileRef = 61A6CA0825686E4B00A2034B /* AppProxy.swift */; };
		61A6CA20256879A600A2034B /* SplashScreenViewController.swift in Sources */ = {isa = PBXBuildFile; fileRef = 61A6CA1F256879A600A2034B /* SplashScreenViewController.swift */; };
		61A6CA2925687FFA00A2034B /* Lottie in Frameworks */ = {isa = PBXBuildFile; productRef = 61A6CA2825687FFA00A2034B /* Lottie */; };
		61E75CF22568878500067613 /* UIViewController+Extension.swift in Sources */ = {isa = PBXBuildFile; fileRef = 61E75CF12568878500067613 /* UIViewController+Extension.swift */; };
		61E75CF7256887E600067613 /* UIStoryboard+Extension.swift in Sources */ = {isa = PBXBuildFile; fileRef = 61E75CF6256887E600067613 /* UIStoryboard+Extension.swift */; };
		61E75D1C2568915500067613 /* BeehiveService.swift in Sources */ = {isa = PBXBuildFile; fileRef = 61E75D1B2568915500067613 /* BeehiveService.swift */; };
		61E75D212568916200067613 /* ServiceManager.swift in Sources */ = {isa = PBXBuildFile; fileRef = 61E75D202568916200067613 /* ServiceManager.swift */; };
		61E75D262568917500067613 /* Job.swift in Sources */ = {isa = PBXBuildFile; fileRef = 61E75D252568917500067613 /* Job.swift */; };
		61E75D2B2568918E00067613 /* RemotiveBeehiveService.swift in Sources */ = {isa = PBXBuildFile; fileRef = 61E75D2A2568918E00067613 /* RemotiveBeehiveService.swift */; };
		61E75D30256891B700067613 /* RemoteBeesServiceConfiguration.swift in Sources */ = {isa = PBXBuildFile; fileRef = 61E75D2F256891B700067613 /* RemoteBeesServiceConfiguration.swift */; };
		61E75D35256891D900067613 /* RemoteBeesServiceManager.swift in Sources */ = {isa = PBXBuildFile; fileRef = 61E75D34256891D900067613 /* RemoteBeesServiceManager.swift */; };
/* End PBXBuildFile section */

/* Begin PBXContainerItemProxy section */
		6156A9002571576C00FADE2B /* PBXContainerItemProxy */ = {
			isa = PBXContainerItemProxy;
			containerPortal = 61A6C98E256859CC00A2034B /* Project object */;
			proxyType = 1;
			remoteGlobalIDString = 6156A8EC2571576C00FADE2B;
			remoteInfo = RemoteBeesDependencies;
		};
		61A6C9AD256859CD00A2034B /* PBXContainerItemProxy */ = {
			isa = PBXContainerItemProxy;
			containerPortal = 61A6C98E256859CC00A2034B /* Project object */;
			proxyType = 1;
			remoteGlobalIDString = 61A6C995256859CC00A2034B;
			remoteInfo = RemoteBees;
		};
		61A6C9B8256859CD00A2034B /* PBXContainerItemProxy */ = {
			isa = PBXContainerItemProxy;
			containerPortal = 61A6C98E256859CC00A2034B /* Project object */;
			proxyType = 1;
			remoteGlobalIDString = 61A6C995256859CC00A2034B;
			remoteInfo = RemoteBees;
		};
/* End PBXContainerItemProxy section */

/* Begin PBXCopyFilesBuildPhase section */
		6156A9072571576C00FADE2B /* Embed Frameworks */ = {
			isa = PBXCopyFilesBuildPhase;
			buildActionMask = 2147483647;
			dstPath = "";
			dstSubfolderSpec = 10;
			files = (
				6156A9032571576C00FADE2B /* RemoteBeesDependencies.framework in Embed Frameworks */,
				6156A9302571586C00FADE2B /* RemoteBeesFlow.framework in Embed Frameworks */,
			);
			name = "Embed Frameworks";
			runOnlyForDeploymentPostprocessing = 0;
		};
/* End PBXCopyFilesBuildPhase section */

/* Begin PBXFileReference section */
		6156A8AE2570476000FADE2B /* DictionaryEncoder.swift */ = {isa = PBXFileReference; lastKnownFileType = sourcecode.swift; path = DictionaryEncoder.swift; sourceTree = "<group>"; };
		6156A8B32570477800FADE2B /* DictionaryDecoder.swift */ = {isa = PBXFileReference; lastKnownFileType = sourcecode.swift; path = DictionaryDecoder.swift; sourceTree = "<group>"; };
		6156A8B8257047A000FADE2B /* CouchbaseLite.swift */ = {isa = PBXFileReference; lastKnownFileType = sourcecode.swift; path = CouchbaseLite.swift; sourceTree = "<group>"; };
		6156A8ED2571576C00FADE2B /* RemoteBeesDependencies.framework */ = {isa = PBXFileReference; explicitFileType = wrapper.framework; includeInIndex = 0; path = RemoteBeesDependencies.framework; sourceTree = BUILT_PRODUCTS_DIR; };
		6156A8EF2571576C00FADE2B /* RemoteBeesDependencies.h */ = {isa = PBXFileReference; lastKnownFileType = sourcecode.c.h; path = RemoteBeesDependencies.h; sourceTree = "<group>"; };
		6156A8F02571576C00FADE2B /* Info.plist */ = {isa = PBXFileReference; lastKnownFileType = text.plist.xml; path = Info.plist; sourceTree = "<group>"; };
		6156A92E2571586C00FADE2B /* RemoteBeesFlow.framework */ = {isa = PBXFileReference; explicitFileType = wrapper.framework; path = RemoteBeesFlow.framework; sourceTree = BUILT_PRODUCTS_DIR; };
		6156AA0D2571B4FB00FADE2B /* StartupFlowController.swift */ = {isa = PBXFileReference; lastKnownFileType = sourcecode.swift; path = StartupFlowController.swift; sourceTree = "<group>"; };
		6156AA242571C8EA00FADE2B /* OnboardFlowController.swift */ = {isa = PBXFileReference; lastKnownFileType = sourcecode.swift; path = OnboardFlowController.swift; sourceTree = "<group>"; };
		6156AA2C2571CABA00FADE2B /* OnboardView.swift */ = {isa = PBXFileReference; lastKnownFileType = sourcecode.swift; path = OnboardView.swift; sourceTree = "<group>"; };
		6156AA332571CDD000FADE2B /* RoundedCorners.swift */ = {isa = PBXFileReference; lastKnownFileType = sourcecode.swift; path = RoundedCorners.swift; sourceTree = "<group>"; };
		6156AA382571CFAD00FADE2B /* UIColor+Extensions.swift */ = {isa = PBXFileReference; lastKnownFileType = sourcecode.swift; path = "UIColor+Extensions.swift"; sourceTree = "<group>"; };
		6156AA3D2571D06400FADE2B /* Colors.xcassets */ = {isa = PBXFileReference; lastKnownFileType = folder.assetcatalog; path = Colors.xcassets; sourceTree = "<group>"; };
		6156AA4B2571FE1D00FADE2B /* LoginFlowController.swift */ = {isa = PBXFileReference; lastKnownFileType = sourcecode.swift; path = LoginFlowController.swift; sourceTree = "<group>"; };
		6156AA502571FEAD00FADE2B /* LoginView.swift */ = {isa = PBXFileReference; lastKnownFileType = sourcecode.swift; path = LoginView.swift; sourceTree = "<group>"; };
		6156AA5B25720D1200FADE2B /* ForgotPasswordView.swift */ = {isa = PBXFileReference; lastKnownFileType = sourcecode.swift; path = ForgotPasswordView.swift; sourceTree = "<group>"; };
		6156AA6325720F5600FADE2B /* SignUpFlowController.swift */ = {isa = PBXFileReference; lastKnownFileType = sourcecode.swift; path = SignUpFlowController.swift; sourceTree = "<group>"; };
		6156AA6825720FB600FADE2B /* SignUpView.swift */ = {isa = PBXFileReference; lastKnownFileType = sourcecode.swift; path = SignUpView.swift; sourceTree = "<group>"; };
		6156AA73257213FF00FADE2B /* JobBoardFlowController.swift */ = {isa = PBXFileReference; lastKnownFileType = sourcecode.swift; path = JobBoardFlowController.swift; sourceTree = "<group>"; };
		6156AA7B257214B300FADE2B /* JobBoardView.swift */ = {isa = PBXFileReference; lastKnownFileType = sourcecode.swift; path = JobBoardView.swift; sourceTree = "<group>"; };
		6156AA8D2572C81800FADE2B /* JobSearchBar.swift */ = {isa = PBXFileReference; lastKnownFileType = sourcecode.swift; path = JobSearchBar.swift; sourceTree = "<group>"; };
		6156AA9D2572DCC800FADE2B /* JobRow.swift */ = {isa = PBXFileReference; lastKnownFileType = sourcecode.swift; path = JobRow.swift; sourceTree = "<group>"; };
		6156AAB42572F33D00FADE2B /* ContentService.swift */ = {isa = PBXFileReference; lastKnownFileType = sourcecode.swift; path = ContentService.swift; sourceTree = "<group>"; };
		6156AABA2572F3BB00FADE2B /* RemoteBeesContentService.swift */ = {isa = PBXFileReference; lastKnownFileType = sourcecode.swift; path = RemoteBeesContentService.swift; sourceTree = "<group>"; };
		61A6C996256859CC00A2034B /* RemoteBees.app */ = {isa = PBXFileReference; explicitFileType = wrapper.application; includeInIndex = 0; path = RemoteBees.app; sourceTree = BUILT_PRODUCTS_DIR; };
		61A6C999256859CC00A2034B /* AppDelegate.swift */ = {isa = PBXFileReference; lastKnownFileType = sourcecode.swift; path = AppDelegate.swift; sourceTree = "<group>"; };
		61A6C99B256859CC00A2034B /* SceneDelegate.swift */ = {isa = PBXFileReference; lastKnownFileType = sourcecode.swift; path = SceneDelegate.swift; sourceTree = "<group>"; };
		61A6C9A0256859CC00A2034B /* Base */ = {isa = PBXFileReference; lastKnownFileType = file.storyboard; name = Base; path = Base.lproj/Main.storyboard; sourceTree = "<group>"; };
		61A6C9A2256859CD00A2034B /* Assets.xcassets */ = {isa = PBXFileReference; lastKnownFileType = folder.assetcatalog; path = Assets.xcassets; sourceTree = "<group>"; };
		61A6C9A5256859CD00A2034B /* Base */ = {isa = PBXFileReference; lastKnownFileType = file.storyboard; name = Base; path = Base.lproj/LaunchScreen.storyboard; sourceTree = "<group>"; };
		61A6C9A7256859CD00A2034B /* Info.plist */ = {isa = PBXFileReference; lastKnownFileType = text.plist.xml; path = Info.plist; sourceTree = "<group>"; };
		61A6C9AC256859CD00A2034B /* RemoteBeesTests.xctest */ = {isa = PBXFileReference; explicitFileType = wrapper.cfbundle; includeInIndex = 0; path = RemoteBeesTests.xctest; sourceTree = BUILT_PRODUCTS_DIR; };
		61A6C9B0256859CD00A2034B /* RemoteBeesTests.swift */ = {isa = PBXFileReference; lastKnownFileType = sourcecode.swift; path = RemoteBeesTests.swift; sourceTree = "<group>"; };
		61A6C9B2256859CD00A2034B /* Info.plist */ = {isa = PBXFileReference; lastKnownFileType = text.plist.xml; path = Info.plist; sourceTree = "<group>"; };
		61A6C9B7256859CD00A2034B /* RemoteBeesUITests.xctest */ = {isa = PBXFileReference; explicitFileType = wrapper.cfbundle; includeInIndex = 0; path = RemoteBeesUITests.xctest; sourceTree = BUILT_PRODUCTS_DIR; };
		61A6C9BB256859CD00A2034B /* RemoteBeesUITests.swift */ = {isa = PBXFileReference; lastKnownFileType = sourcecode.swift; path = RemoteBeesUITests.swift; sourceTree = "<group>"; };
		61A6C9BD256859CD00A2034B /* Info.plist */ = {isa = PBXFileReference; lastKnownFileType = text.plist.xml; path = Info.plist; sourceTree = "<group>"; };
		61A6CA0825686E4B00A2034B /* AppProxy.swift */ = {isa = PBXFileReference; lastKnownFileType = sourcecode.swift; path = AppProxy.swift; sourceTree = "<group>"; };
		61A6CA1F256879A600A2034B /* SplashScreenViewController.swift */ = {isa = PBXFileReference; lastKnownFileType = sourcecode.swift; path = SplashScreenViewController.swift; sourceTree = "<group>"; };
		61E75CF12568878500067613 /* UIViewController+Extension.swift */ = {isa = PBXFileReference; lastKnownFileType = sourcecode.swift; path = "UIViewController+Extension.swift"; sourceTree = "<group>"; };
		61E75CF6256887E600067613 /* UIStoryboard+Extension.swift */ = {isa = PBXFileReference; lastKnownFileType = sourcecode.swift; path = "UIStoryboard+Extension.swift"; sourceTree = "<group>"; };
		61E75D1B2568915500067613 /* BeehiveService.swift */ = {isa = PBXFileReference; lastKnownFileType = sourcecode.swift; path = BeehiveService.swift; sourceTree = "<group>"; };
		61E75D202568916200067613 /* ServiceManager.swift */ = {isa = PBXFileReference; lastKnownFileType = sourcecode.swift; path = ServiceManager.swift; sourceTree = "<group>"; };
		61E75D252568917500067613 /* Job.swift */ = {isa = PBXFileReference; lastKnownFileType = sourcecode.swift; path = Job.swift; sourceTree = "<group>"; };
		61E75D2A2568918E00067613 /* RemotiveBeehiveService.swift */ = {isa = PBXFileReference; lastKnownFileType = sourcecode.swift; path = RemotiveBeehiveService.swift; sourceTree = "<group>"; };
		61E75D2F256891B700067613 /* RemoteBeesServiceConfiguration.swift */ = {isa = PBXFileReference; lastKnownFileType = sourcecode.swift; path = RemoteBeesServiceConfiguration.swift; sourceTree = "<group>"; };
		61E75D34256891D900067613 /* RemoteBeesServiceManager.swift */ = {isa = PBXFileReference; lastKnownFileType = sourcecode.swift; path = RemoteBeesServiceManager.swift; sourceTree = "<group>"; };
/* End PBXFileReference section */

/* Begin PBXFrameworksBuildPhase section */
		6156A8EA2571576C00FADE2B /* Frameworks */ = {
			isa = PBXFrameworksBuildPhase;
			buildActionMask = 2147483647;
			files = (
				6156A920257157EF00FADE2B /* FlowKit in Frameworks */,
				6156A914257157AA00FADE2B /* PromiseKit in Frameworks */,
				6156A91E257157E700FADE2B /* HTTPServiceKit in Frameworks */,
			);
			runOnlyForDeploymentPostprocessing = 0;
		};
		61A6C993256859CC00A2034B /* Frameworks */ = {
			isa = PBXFrameworksBuildPhase;
			buildActionMask = 2147483647;
			files = (
				61A6C9FA25686C6800A2034B /* CouchbaseLiteSwift in Frameworks */,
				6156A92F2571586C00FADE2B /* RemoteBeesFlow.framework in Frameworks */,
				61A6CA2925687FFA00A2034B /* Lottie in Frameworks */,
				61A6C9DF25686A8B00A2034B /* LoggingOSLog in Frameworks */,
				61A6C9D925686A6F00A2034B /* Logging in Frameworks */,
				6156A9022571576C00FADE2B /* RemoteBeesDependencies.framework in Frameworks */,
			);
			runOnlyForDeploymentPostprocessing = 0;
		};
		61A6C9A9256859CD00A2034B /* Frameworks */ = {
			isa = PBXFrameworksBuildPhase;
			buildActionMask = 2147483647;
			files = (
			);
			runOnlyForDeploymentPostprocessing = 0;
		};
		61A6C9B4256859CD00A2034B /* Frameworks */ = {
			isa = PBXFrameworksBuildPhase;
			buildActionMask = 2147483647;
			files = (
			);
			runOnlyForDeploymentPostprocessing = 0;
		};
/* End PBXFrameworksBuildPhase section */

/* Begin PBXGroup section */
		6156A8AD2570473300FADE2B /* Couchbase */ = {
			isa = PBXGroup;
			children = (
				6156A8B8257047A000FADE2B /* CouchbaseLite.swift */,
				6156A8AE2570476000FADE2B /* DictionaryEncoder.swift */,
				6156A8B32570477800FADE2B /* DictionaryDecoder.swift */,
			);
			path = Couchbase;
			sourceTree = "<group>";
		};
		6156A8EE2571576C00FADE2B /* RemoteBeesDependencies */ = {
			isa = PBXGroup;
			children = (
				6156A8EF2571576C00FADE2B /* RemoteBeesDependencies.h */,
				6156A8F02571576C00FADE2B /* Info.plist */,
			);
			path = RemoteBeesDependencies;
			sourceTree = "<group>";
		};
		6156A912257157AA00FADE2B /* Frameworks */ = {
			isa = PBXGroup;
			children = (
				6156A92E2571586C00FADE2B /* RemoteBeesFlow.framework */,
			);
			name = Frameworks;
			sourceTree = "<group>";
		};
		6156AA0C2571B4E700FADE2B /* Flow */ = {
			isa = PBXGroup;
			children = (
				6156AA73257213FF00FADE2B /* JobBoardFlowController.swift */,
				6156AA4B2571FE1D00FADE2B /* LoginFlowController.swift */,
				6156AA242571C8EA00FADE2B /* OnboardFlowController.swift */,
				6156AA6325720F5600FADE2B /* SignUpFlowController.swift */,
				6156AA0D2571B4FB00FADE2B /* StartupFlowController.swift */,
			);
			path = Flow;
			sourceTree = "<group>";
		};
		6156AAB92572F3A100FADE2B /* RemoteBeesAPI */ = {
			isa = PBXGroup;
			children = (
				6156AABA2572F3BB00FADE2B /* RemoteBeesContentService.swift */,
			);
			path = RemoteBeesAPI;
			sourceTree = "<group>";
		};
		61A6C98D256859CC00A2034B = {
			isa = PBXGroup;
			children = (
				61A6C998256859CC00A2034B /* RemoteBees */,
				61E75D15256890D800067613 /* RemoteBeesService */,
				61A6C9AF256859CD00A2034B /* RemoteBeesTests */,
				61A6C9BA256859CD00A2034B /* RemoteBeesUITests */,
				6156A8EE2571576C00FADE2B /* RemoteBeesDependencies */,
				61A6C997256859CC00A2034B /* Products */,
				6156A912257157AA00FADE2B /* Frameworks */,
			);
			sourceTree = "<group>";
		};
		61A6C997256859CC00A2034B /* Products */ = {
			isa = PBXGroup;
			children = (
				61A6C996256859CC00A2034B /* RemoteBees.app */,
				61A6C9AC256859CD00A2034B /* RemoteBeesTests.xctest */,
				61A6C9B7256859CD00A2034B /* RemoteBeesUITests.xctest */,
				6156A8ED2571576C00FADE2B /* RemoteBeesDependencies.framework */,
			);
			name = Products;
			sourceTree = "<group>";
		};
		61A6C998256859CC00A2034B /* RemoteBees */ = {
			isa = PBXGroup;
			children = (
				61A6CA0725686E2A00A2034B /* App */,
				61E75CF02568875C00067613 /* Extensions */,
				6156AA0C2571B4E700FADE2B /* Flow */,
				61A6CA1B2568734200A2034B /* Views */,
				61A6CA1F256879A600A2034B /* SplashScreenViewController.swift */,
				61A6C99F256859CC00A2034B /* Main.storyboard */,
				61A6C9A2256859CD00A2034B /* Assets.xcassets */,
				61A6C9A4256859CD00A2034B /* LaunchScreen.storyboard */,
				61A6C9A7256859CD00A2034B /* Info.plist */,
				6156AA3D2571D06400FADE2B /* Colors.xcassets */,
			);
			path = RemoteBees;
			sourceTree = "<group>";
		};
		61A6C9AF256859CD00A2034B /* RemoteBeesTests */ = {
			isa = PBXGroup;
			children = (
				61A6C9B0256859CD00A2034B /* RemoteBeesTests.swift */,
				61A6C9B2256859CD00A2034B /* Info.plist */,
			);
			path = RemoteBeesTests;
			sourceTree = "<group>";
		};
		61A6C9BA256859CD00A2034B /* RemoteBeesUITests */ = {
			isa = PBXGroup;
			children = (
				61A6C9BB256859CD00A2034B /* RemoteBeesUITests.swift */,
				61A6C9BD256859CD00A2034B /* Info.plist */,
			);
			path = RemoteBeesUITests;
			sourceTree = "<group>";
		};
		61A6CA0725686E2A00A2034B /* App */ = {
			isa = PBXGroup;
			children = (
				61A6C999256859CC00A2034B /* AppDelegate.swift */,
				61A6CA0825686E4B00A2034B /* AppProxy.swift */,
				61A6C99B256859CC00A2034B /* SceneDelegate.swift */,
			);
			path = App;
			sourceTree = "<group>";
		};
		61A6CA1B2568734200A2034B /* Views */ = {
			isa = PBXGroup;
			children = (
				6156AA5B25720D1200FADE2B /* ForgotPasswordView.swift */,
				6156AA7B257214B300FADE2B /* JobBoardView.swift */,
				6156AA9D2572DCC800FADE2B /* JobRow.swift */,
				6156AA8D2572C81800FADE2B /* JobSearchBar.swift */,
				6156AA502571FEAD00FADE2B /* LoginView.swift */,
				6156AA2C2571CABA00FADE2B /* OnboardView.swift */,
				6156AA332571CDD000FADE2B /* RoundedCorners.swift */,
				6156AA6825720FB600FADE2B /* SignUpView.swift */,
			);
			path = Views;
			sourceTree = "<group>";
		};
		61E75CF02568875C00067613 /* Extensions */ = {
			isa = PBXGroup;
			children = (
				61E75CF6256887E600067613 /* UIStoryboard+Extension.swift */,
				61E75CF12568878500067613 /* UIViewController+Extension.swift */,
				6156AA382571CFAD00FADE2B /* UIColor+Extensions.swift */,
			);
			path = Extensions;
			sourceTree = "<group>";
		};
		61E75D15256890D800067613 /* RemoteBeesService */ = {
			isa = PBXGroup;
			children = (
				61E75D16256890E500067613 /* API */,
				61E75D17256890EC00067613 /* Domain */,
				61E75D1A2568912B00067613 /* Managers */,
				61E75D18256890FC00067613 /* RemotiveAPI */,
				6156AAB92572F3A100FADE2B /* RemoteBeesAPI */,
				6156A8AD2570473300FADE2B /* Couchbase */,
			);
			path = RemoteBeesService;
			sourceTree = "<group>";
		};
		61E75D16256890E500067613 /* API */ = {
			isa = PBXGroup;
			children = (
				61E75D192568911C00067613 /* Manager */,
				61E75D1B2568915500067613 /* BeehiveService.swift */,
				6156AAB42572F33D00FADE2B /* ContentService.swift */,
			);
			path = API;
			sourceTree = "<group>";
		};
		61E75D17256890EC00067613 /* Domain */ = {
			isa = PBXGroup;
			children = (
				61E75D252568917500067613 /* Job.swift */,
			);
			path = Domain;
			sourceTree = "<group>";
		};
		61E75D18256890FC00067613 /* RemotiveAPI */ = {
			isa = PBXGroup;
			children = (
				61E75D2A2568918E00067613 /* RemotiveBeehiveService.swift */,
			);
			path = RemotiveAPI;
			sourceTree = "<group>";
		};
		61E75D192568911C00067613 /* Manager */ = {
			isa = PBXGroup;
			children = (
				61E75D202568916200067613 /* ServiceManager.swift */,
			);
			path = Manager;
			sourceTree = "<group>";
		};
		61E75D1A2568912B00067613 /* Managers */ = {
			isa = PBXGroup;
			children = (
				61E75D2F256891B700067613 /* RemoteBeesServiceConfiguration.swift */,
				61E75D34256891D900067613 /* RemoteBeesServiceManager.swift */,
			);
			path = Managers;
			sourceTree = "<group>";
		};
/* End PBXGroup section */

/* Begin PBXHeadersBuildPhase section */
		6156A8E82571576C00FADE2B /* Headers */ = {
			isa = PBXHeadersBuildPhase;
			buildActionMask = 2147483647;
			files = (
				6156A8FF2571576C00FADE2B /* RemoteBeesDependencies.h in Headers */,
			);
			runOnlyForDeploymentPostprocessing = 0;
		};
/* End PBXHeadersBuildPhase section */

/* Begin PBXNativeTarget section */
		6156A8EC2571576C00FADE2B /* RemoteBeesDependencies */ = {
			isa = PBXNativeTarget;
			buildConfigurationList = 6156A9042571576C00FADE2B /* Build configuration list for PBXNativeTarget "RemoteBeesDependencies" */;
			buildPhases = (
				6156A8E82571576C00FADE2B /* Headers */,
				6156A8E92571576C00FADE2B /* Sources */,
				6156A8EA2571576C00FADE2B /* Frameworks */,
				6156A8EB2571576C00FADE2B /* Resources */,
			);
			buildRules = (
			);
			dependencies = (
			);
			name = RemoteBeesDependencies;
			packageProductDependencies = (
				6156A913257157AA00FADE2B /* PromiseKit */,
				6156A91D257157E700FADE2B /* HTTPServiceKit */,
				6156A91F257157EF00FADE2B /* FlowKit */,
			);
			productName = RemoteBeesDependencies;
			productReference = 6156A8ED2571576C00FADE2B /* RemoteBeesDependencies.framework */;
			productType = "com.apple.product-type.framework";
		};
		61A6C995256859CC00A2034B /* RemoteBees */ = {
			isa = PBXNativeTarget;
			buildConfigurationList = 61A6C9C0256859CD00A2034B /* Build configuration list for PBXNativeTarget "RemoteBees" */;
			buildPhases = (
				61A6C992256859CC00A2034B /* Sources */,
				61A6C993256859CC00A2034B /* Frameworks */,
				61A6C994256859CC00A2034B /* Resources */,
				6156A9072571576C00FADE2B /* Embed Frameworks */,
			);
			buildRules = (
			);
			dependencies = (
				6156A9012571576C00FADE2B /* PBXTargetDependency */,
			);
			name = RemoteBees;
			packageProductDependencies = (
				61A6C9D825686A6F00A2034B /* Logging */,
				61A6C9DE25686A8B00A2034B /* LoggingOSLog */,
				61A6C9F925686C6800A2034B /* CouchbaseLiteSwift */,
				61A6CA2825687FFA00A2034B /* Lottie */,
			);
			productName = RemoteBees;
			productReference = 61A6C996256859CC00A2034B /* RemoteBees.app */;
			productType = "com.apple.product-type.application";
		};
		61A6C9AB256859CD00A2034B /* RemoteBeesTests */ = {
			isa = PBXNativeTarget;
			buildConfigurationList = 61A6C9C3256859CD00A2034B /* Build configuration list for PBXNativeTarget "RemoteBeesTests" */;
			buildPhases = (
				61A6C9A8256859CD00A2034B /* Sources */,
				61A6C9A9256859CD00A2034B /* Frameworks */,
				61A6C9AA256859CD00A2034B /* Resources */,
			);
			buildRules = (
			);
			dependencies = (
				61A6C9AE256859CD00A2034B /* PBXTargetDependency */,
			);
			name = RemoteBeesTests;
			productName = RemoteBeesTests;
			productReference = 61A6C9AC256859CD00A2034B /* RemoteBeesTests.xctest */;
			productType = "com.apple.product-type.bundle.unit-test";
		};
		61A6C9B6256859CD00A2034B /* RemoteBeesUITests */ = {
			isa = PBXNativeTarget;
			buildConfigurationList = 61A6C9C6256859CD00A2034B /* Build configuration list for PBXNativeTarget "RemoteBeesUITests" */;
			buildPhases = (
				61A6C9B3256859CD00A2034B /* Sources */,
				61A6C9B4256859CD00A2034B /* Frameworks */,
				61A6C9B5256859CD00A2034B /* Resources */,
			);
			buildRules = (
			);
			dependencies = (
				61A6C9B9256859CD00A2034B /* PBXTargetDependency */,
			);
			name = RemoteBeesUITests;
			productName = RemoteBeesUITests;
			productReference = 61A6C9B7256859CD00A2034B /* RemoteBeesUITests.xctest */;
			productType = "com.apple.product-type.bundle.ui-testing";
		};
/* End PBXNativeTarget section */

/* Begin PBXProject section */
		61A6C98E256859CC00A2034B /* Project object */ = {
			isa = PBXProject;
			attributes = {
				LastSwiftUpdateCheck = 1220;
				LastUpgradeCheck = 1220;
				TargetAttributes = {
					6156A8EC2571576C00FADE2B = {
						CreatedOnToolsVersion = 12.2;
					};
					61A6C995256859CC00A2034B = {
						CreatedOnToolsVersion = 12.2;
					};
					61A6C9AB256859CD00A2034B = {
						CreatedOnToolsVersion = 12.2;
						TestTargetID = 61A6C995256859CC00A2034B;
					};
					61A6C9B6256859CD00A2034B = {
						CreatedOnToolsVersion = 12.2;
						TestTargetID = 61A6C995256859CC00A2034B;
					};
				};
			};
			buildConfigurationList = 61A6C991256859CC00A2034B /* Build configuration list for PBXProject "RemoteBees" */;
			compatibilityVersion = "Xcode 9.3";
			developmentRegion = en;
			hasScannedForEncodings = 0;
			knownRegions = (
				en,
				Base,
			);
			mainGroup = 61A6C98D256859CC00A2034B;
			packageReferences = (
				61A6C9D125686A5500A2034B /* XCRemoteSwiftPackageReference "PromiseKit" */,
				61A6C9D725686A6F00A2034B /* XCRemoteSwiftPackageReference "swift-log" */,
				61A6C9DD25686A8B00A2034B /* XCRemoteSwiftPackageReference "swift-log-oslog" */,
				61A6C9F225686B3100A2034B /* XCRemoteSwiftPackageReference "HTTPServiceKit" */,
				61A6C9F825686C6800A2034B /* XCRemoteSwiftPackageReference "couchbase-lite-ios" */,
				61A6C9FE25686CA500A2034B /* XCRemoteSwiftPackageReference "FlowKit" */,
				61A6CA2725687FFA00A2034B /* XCRemoteSwiftPackageReference "lottie-ios" */,
			);
			productRefGroup = 61A6C997256859CC00A2034B /* Products */;
			projectDirPath = "";
			projectRoot = "";
			targets = (
				61A6C995256859CC00A2034B /* RemoteBees */,
				61A6C9AB256859CD00A2034B /* RemoteBeesTests */,
				61A6C9B6256859CD00A2034B /* RemoteBeesUITests */,
				6156A8EC2571576C00FADE2B /* RemoteBeesDependencies */,
			);
		};
/* End PBXProject section */

/* Begin PBXResourcesBuildPhase section */
		6156A8EB2571576C00FADE2B /* Resources */ = {
			isa = PBXResourcesBuildPhase;
			buildActionMask = 2147483647;
			files = (
			);
			runOnlyForDeploymentPostprocessing = 0;
		};
		61A6C994256859CC00A2034B /* Resources */ = {
			isa = PBXResourcesBuildPhase;
			buildActionMask = 2147483647;
			files = (
				61A6C9A6256859CD00A2034B /* LaunchScreen.storyboard in Resources */,
				6156AA3E2571D06400FADE2B /* Colors.xcassets in Resources */,
				61A6C9A3256859CD00A2034B /* Assets.xcassets in Resources */,
				61A6C9A1256859CC00A2034B /* Main.storyboard in Resources */,
			);
			runOnlyForDeploymentPostprocessing = 0;
		};
		61A6C9AA256859CD00A2034B /* Resources */ = {
			isa = PBXResourcesBuildPhase;
			buildActionMask = 2147483647;
			files = (
			);
			runOnlyForDeploymentPostprocessing = 0;
		};
		61A6C9B5256859CD00A2034B /* Resources */ = {
			isa = PBXResourcesBuildPhase;
			buildActionMask = 2147483647;
			files = (
			);
			runOnlyForDeploymentPostprocessing = 0;
		};
/* End PBXResourcesBuildPhase section */

/* Begin PBXSourcesBuildPhase section */
		6156A8E92571576C00FADE2B /* Sources */ = {
			isa = PBXSourcesBuildPhase;
			buildActionMask = 2147483647;
			files = (
			);
			runOnlyForDeploymentPostprocessing = 0;
		};
		61A6C992256859CC00A2034B /* Sources */ = {
			isa = PBXSourcesBuildPhase;
			buildActionMask = 2147483647;
			files = (
				6156AA9E2572DCC800FADE2B /* JobRow.swift in Sources */,
				6156AA342571CDD000FADE2B /* RoundedCorners.swift in Sources */,
				6156A8AF2570476000FADE2B /* DictionaryEncoder.swift in Sources */,
				6156AA4C2571FE1D00FADE2B /* LoginFlowController.swift in Sources */,
				61A6CA0925686E4B00A2034B /* AppProxy.swift in Sources */,
				6156A8B9257047A000FADE2B /* CouchbaseLite.swift in Sources */,
				61A6CA20256879A600A2034B /* SplashScreenViewController.swift in Sources */,
				61E75CF22568878500067613 /* UIViewController+Extension.swift in Sources */,
				6156AA2D2571CABA00FADE2B /* OnboardView.swift in Sources */,
				6156AABB2572F3BB00FADE2B /* RemoteBeesContentService.swift in Sources */,
				6156AA512571FEAD00FADE2B /* LoginView.swift in Sources */,
				61A6C99A256859CC00A2034B /* AppDelegate.swift in Sources */,
				61E75D35256891D900067613 /* RemoteBeesServiceManager.swift in Sources */,
				6156AA0E2571B4FB00FADE2B /* StartupFlowController.swift in Sources */,
				61E75D1C2568915500067613 /* BeehiveService.swift in Sources */,
				6156AA7C257214B300FADE2B /* JobBoardView.swift in Sources */,
				6156AA5C25720D1200FADE2B /* ForgotPasswordView.swift in Sources */,
				6156AA252571C8EA00FADE2B /* OnboardFlowController.swift in Sources */,
				6156AA6425720F5600FADE2B /* SignUpFlowController.swift in Sources */,
				6156AA6925720FB600FADE2B /* SignUpView.swift in Sources */,
				61E75D2B2568918E00067613 /* RemotiveBeehiveService.swift in Sources */,
				61E75D30256891B700067613 /* RemoteBeesServiceConfiguration.swift in Sources */,
				61E75D262568917500067613 /* Job.swift in Sources */,
				6156AA8E2572C81800FADE2B /* JobSearchBar.swift in Sources */,
				61E75CF7256887E600067613 /* UIStoryboard+Extension.swift in Sources */,
				61A6C99C256859CC00A2034B /* SceneDelegate.swift in Sources */,
				6156A8B42570477800FADE2B /* DictionaryDecoder.swift in Sources */,
				6156AA392571CFAD00FADE2B /* UIColor+Extensions.swift in Sources */,
				6156AA74257213FF00FADE2B /* JobBoardFlowController.swift in Sources */,
				61E75D212568916200067613 /* ServiceManager.swift in Sources */,
				6156AAB52572F33D00FADE2B /* ContentService.swift in Sources */,
			);
			runOnlyForDeploymentPostprocessing = 0;
		};
		61A6C9A8256859CD00A2034B /* Sources */ = {
			isa = PBXSourcesBuildPhase;
			buildActionMask = 2147483647;
			files = (
				61A6C9B1256859CD00A2034B /* RemoteBeesTests.swift in Sources */,
			);
			runOnlyForDeploymentPostprocessing = 0;
		};
		61A6C9B3256859CD00A2034B /* Sources */ = {
			isa = PBXSourcesBuildPhase;
			buildActionMask = 2147483647;
			files = (
				61A6C9BC256859CD00A2034B /* RemoteBeesUITests.swift in Sources */,
			);
			runOnlyForDeploymentPostprocessing = 0;
		};
/* End PBXSourcesBuildPhase section */

/* Begin PBXTargetDependency section */
		6156A9012571576C00FADE2B /* PBXTargetDependency */ = {
			isa = PBXTargetDependency;
			target = 6156A8EC2571576C00FADE2B /* RemoteBeesDependencies */;
			targetProxy = 6156A9002571576C00FADE2B /* PBXContainerItemProxy */;
		};
		61A6C9AE256859CD00A2034B /* PBXTargetDependency */ = {
			isa = PBXTargetDependency;
			target = 61A6C995256859CC00A2034B /* RemoteBees */;
			targetProxy = 61A6C9AD256859CD00A2034B /* PBXContainerItemProxy */;
		};
		61A6C9B9256859CD00A2034B /* PBXTargetDependency */ = {
			isa = PBXTargetDependency;
			target = 61A6C995256859CC00A2034B /* RemoteBees */;
			targetProxy = 61A6C9B8256859CD00A2034B /* PBXContainerItemProxy */;
		};
/* End PBXTargetDependency section */

/* Begin PBXVariantGroup section */
		61A6C99F256859CC00A2034B /* Main.storyboard */ = {
			isa = PBXVariantGroup;
			children = (
				61A6C9A0256859CC00A2034B /* Base */,
			);
			name = Main.storyboard;
			sourceTree = "<group>";
		};
		61A6C9A4256859CD00A2034B /* LaunchScreen.storyboard */ = {
			isa = PBXVariantGroup;
			children = (
				61A6C9A5256859CD00A2034B /* Base */,
			);
			name = LaunchScreen.storyboard;
			sourceTree = "<group>";
		};
/* End PBXVariantGroup section */

/* Begin XCBuildConfiguration section */
		6156A9052571576C00FADE2B /* Debug */ = {
			isa = XCBuildConfiguration;
			buildSettings = {
				CODE_SIGN_STYLE = Automatic;
				CURRENT_PROJECT_VERSION = 1;
				DEFINES_MODULE = YES;
				DEVELOPMENT_TEAM = "";
				DYLIB_COMPATIBILITY_VERSION = 1;
				DYLIB_CURRENT_VERSION = 1;
				DYLIB_INSTALL_NAME_BASE = "@rpath";
				INFOPLIST_FILE = RemoteBeesDependencies/Info.plist;
				INSTALL_PATH = "$(LOCAL_LIBRARY_DIR)/Frameworks";
				IPHONEOS_DEPLOYMENT_TARGET = 14.2;
				LD_RUNPATH_SEARCH_PATHS = (
					"$(inherited)",
					"@executable_path/Frameworks",
					"@loader_path/Frameworks",
				);
				PRODUCT_BUNDLE_IDENTIFIER = dev.beehive.RemoteBeesDependencies;
				PRODUCT_NAME = "$(TARGET_NAME:c99extidentifier)";
				SKIP_INSTALL = YES;
				SWIFT_VERSION = 5.0;
				TARGETED_DEVICE_FAMILY = "1,2";
				VERSIONING_SYSTEM = "apple-generic";
				VERSION_INFO_PREFIX = "";
			};
			name = Debug;
		};
		6156A9062571576C00FADE2B /* Release */ = {
			isa = XCBuildConfiguration;
			buildSettings = {
				CODE_SIGN_STYLE = Automatic;
				CURRENT_PROJECT_VERSION = 1;
				DEFINES_MODULE = YES;
				DEVELOPMENT_TEAM = "";
				DYLIB_COMPATIBILITY_VERSION = 1;
				DYLIB_CURRENT_VERSION = 1;
				DYLIB_INSTALL_NAME_BASE = "@rpath";
				INFOPLIST_FILE = RemoteBeesDependencies/Info.plist;
				INSTALL_PATH = "$(LOCAL_LIBRARY_DIR)/Frameworks";
				IPHONEOS_DEPLOYMENT_TARGET = 14.2;
				LD_RUNPATH_SEARCH_PATHS = (
					"$(inherited)",
					"@executable_path/Frameworks",
					"@loader_path/Frameworks",
				);
				PRODUCT_BUNDLE_IDENTIFIER = dev.beehive.RemoteBeesDependencies;
				PRODUCT_NAME = "$(TARGET_NAME:c99extidentifier)";
				SKIP_INSTALL = YES;
				SWIFT_VERSION = 5.0;
				TARGETED_DEVICE_FAMILY = "1,2";
				VERSIONING_SYSTEM = "apple-generic";
				VERSION_INFO_PREFIX = "";
			};
			name = Release;
		};
		61A6C9BE256859CD00A2034B /* Debug */ = {
			isa = XCBuildConfiguration;
			buildSettings = {
				ALWAYS_SEARCH_USER_PATHS = NO;
				CLANG_ANALYZER_NONNULL = YES;
				CLANG_ANALYZER_NUMBER_OBJECT_CONVERSION = YES_AGGRESSIVE;
				CLANG_CXX_LANGUAGE_STANDARD = "gnu++14";
				CLANG_CXX_LIBRARY = "libc++";
				CLANG_ENABLE_MODULES = YES;
				CLANG_ENABLE_OBJC_ARC = YES;
				CLANG_ENABLE_OBJC_WEAK = YES;
				CLANG_WARN_BLOCK_CAPTURE_AUTORELEASING = YES;
				CLANG_WARN_BOOL_CONVERSION = YES;
				CLANG_WARN_COMMA = YES;
				CLANG_WARN_CONSTANT_CONVERSION = YES;
				CLANG_WARN_DEPRECATED_OBJC_IMPLEMENTATIONS = YES;
				CLANG_WARN_DIRECT_OBJC_ISA_USAGE = YES_ERROR;
				CLANG_WARN_DOCUMENTATION_COMMENTS = YES;
				CLANG_WARN_EMPTY_BODY = YES;
				CLANG_WARN_ENUM_CONVERSION = YES;
				CLANG_WARN_INFINITE_RECURSION = YES;
				CLANG_WARN_INT_CONVERSION = YES;
				CLANG_WARN_NON_LITERAL_NULL_CONVERSION = YES;
				CLANG_WARN_OBJC_IMPLICIT_RETAIN_SELF = YES;
				CLANG_WARN_OBJC_LITERAL_CONVERSION = YES;
				CLANG_WARN_OBJC_ROOT_CLASS = YES_ERROR;
				CLANG_WARN_QUOTED_INCLUDE_IN_FRAMEWORK_HEADER = YES;
				CLANG_WARN_RANGE_LOOP_ANALYSIS = YES;
				CLANG_WARN_STRICT_PROTOTYPES = YES;
				CLANG_WARN_SUSPICIOUS_MOVE = YES;
				CLANG_WARN_UNGUARDED_AVAILABILITY = YES_AGGRESSIVE;
				CLANG_WARN_UNREACHABLE_CODE = YES;
				CLANG_WARN__DUPLICATE_METHOD_MATCH = YES;
				COPY_PHASE_STRIP = NO;
				DEBUG_INFORMATION_FORMAT = dwarf;
				ENABLE_STRICT_OBJC_MSGSEND = YES;
				ENABLE_TESTABILITY = YES;
				GCC_C_LANGUAGE_STANDARD = gnu11;
				GCC_DYNAMIC_NO_PIC = NO;
				GCC_NO_COMMON_BLOCKS = YES;
				GCC_OPTIMIZATION_LEVEL = 0;
				GCC_PREPROCESSOR_DEFINITIONS = (
					"DEBUG=1",
					"$(inherited)",
				);
				GCC_WARN_64_TO_32_BIT_CONVERSION = YES;
				GCC_WARN_ABOUT_RETURN_TYPE = YES_ERROR;
				GCC_WARN_UNDECLARED_SELECTOR = YES;
				GCC_WARN_UNINITIALIZED_AUTOS = YES_AGGRESSIVE;
				GCC_WARN_UNUSED_FUNCTION = YES;
				GCC_WARN_UNUSED_VARIABLE = YES;
				IPHONEOS_DEPLOYMENT_TARGET = 14.0;
				MTL_ENABLE_DEBUG_INFO = INCLUDE_SOURCE;
				MTL_FAST_MATH = YES;
				ONLY_ACTIVE_ARCH = YES;
				SDKROOT = iphoneos;
				SWIFT_ACTIVE_COMPILATION_CONDITIONS = DEBUG;
				SWIFT_OPTIMIZATION_LEVEL = "-Onone";
			};
			name = Debug;
		};
		61A6C9BF256859CD00A2034B /* Release */ = {
			isa = XCBuildConfiguration;
			buildSettings = {
				ALWAYS_SEARCH_USER_PATHS = NO;
				CLANG_ANALYZER_NONNULL = YES;
				CLANG_ANALYZER_NUMBER_OBJECT_CONVERSION = YES_AGGRESSIVE;
				CLANG_CXX_LANGUAGE_STANDARD = "gnu++14";
				CLANG_CXX_LIBRARY = "libc++";
				CLANG_ENABLE_MODULES = YES;
				CLANG_ENABLE_OBJC_ARC = YES;
				CLANG_ENABLE_OBJC_WEAK = YES;
				CLANG_WARN_BLOCK_CAPTURE_AUTORELEASING = YES;
				CLANG_WARN_BOOL_CONVERSION = YES;
				CLANG_WARN_COMMA = YES;
				CLANG_WARN_CONSTANT_CONVERSION = YES;
				CLANG_WARN_DEPRECATED_OBJC_IMPLEMENTATIONS = YES;
				CLANG_WARN_DIRECT_OBJC_ISA_USAGE = YES_ERROR;
				CLANG_WARN_DOCUMENTATION_COMMENTS = YES;
				CLANG_WARN_EMPTY_BODY = YES;
				CLANG_WARN_ENUM_CONVERSION = YES;
				CLANG_WARN_INFINITE_RECURSION = YES;
				CLANG_WARN_INT_CONVERSION = YES;
				CLANG_WARN_NON_LITERAL_NULL_CONVERSION = YES;
				CLANG_WARN_OBJC_IMPLICIT_RETAIN_SELF = YES;
				CLANG_WARN_OBJC_LITERAL_CONVERSION = YES;
				CLANG_WARN_OBJC_ROOT_CLASS = YES_ERROR;
				CLANG_WARN_QUOTED_INCLUDE_IN_FRAMEWORK_HEADER = YES;
				CLANG_WARN_RANGE_LOOP_ANALYSIS = YES;
				CLANG_WARN_STRICT_PROTOTYPES = YES;
				CLANG_WARN_SUSPICIOUS_MOVE = YES;
				CLANG_WARN_UNGUARDED_AVAILABILITY = YES_AGGRESSIVE;
				CLANG_WARN_UNREACHABLE_CODE = YES;
				CLANG_WARN__DUPLICATE_METHOD_MATCH = YES;
				COPY_PHASE_STRIP = NO;
				DEBUG_INFORMATION_FORMAT = "dwarf-with-dsym";
				ENABLE_NS_ASSERTIONS = NO;
				ENABLE_STRICT_OBJC_MSGSEND = YES;
				GCC_C_LANGUAGE_STANDARD = gnu11;
				GCC_NO_COMMON_BLOCKS = YES;
				GCC_WARN_64_TO_32_BIT_CONVERSION = YES;
				GCC_WARN_ABOUT_RETURN_TYPE = YES_ERROR;
				GCC_WARN_UNDECLARED_SELECTOR = YES;
				GCC_WARN_UNINITIALIZED_AUTOS = YES_AGGRESSIVE;
				GCC_WARN_UNUSED_FUNCTION = YES;
				GCC_WARN_UNUSED_VARIABLE = YES;
				IPHONEOS_DEPLOYMENT_TARGET = 14.0;
				MTL_ENABLE_DEBUG_INFO = NO;
				MTL_FAST_MATH = YES;
				SDKROOT = iphoneos;
				SWIFT_COMPILATION_MODE = wholemodule;
				SWIFT_OPTIMIZATION_LEVEL = "-O";
				VALIDATE_PRODUCT = YES;
			};
			name = Release;
		};
		61A6C9C1256859CD00A2034B /* Debug */ = {
			isa = XCBuildConfiguration;
			buildSettings = {
				ASSETCATALOG_COMPILER_APPICON_NAME = AppIcon;
				ASSETCATALOG_COMPILER_GLOBAL_ACCENT_COLOR_NAME = AccentColor;
				CODE_SIGN_STYLE = Manual;
				DEVELOPMENT_TEAM = "";
				INFOPLIST_FILE = RemoteBees/Info.plist;
				LD_RUNPATH_SEARCH_PATHS = (
					"$(inherited)",
					"@executable_path/Frameworks",
				);
				PRODUCT_BUNDLE_IDENTIFIER = dev.beehive.RemoteBees;
				PRODUCT_NAME = "$(TARGET_NAME)";
				PROVISIONING_PROFILE_SPECIFIER = "";
				SWIFT_VERSION = 5.0;
				TARGETED_DEVICE_FAMILY = "1,2";
			};
			name = Debug;
		};
		61A6C9C2256859CD00A2034B /* Release */ = {
			isa = XCBuildConfiguration;
			buildSettings = {
				ASSETCATALOG_COMPILER_APPICON_NAME = AppIcon;
				ASSETCATALOG_COMPILER_GLOBAL_ACCENT_COLOR_NAME = AccentColor;
				CODE_SIGN_STYLE = Manual;
				DEVELOPMENT_TEAM = "";
				INFOPLIST_FILE = RemoteBees/Info.plist;
				LD_RUNPATH_SEARCH_PATHS = (
					"$(inherited)",
					"@executable_path/Frameworks",
				);
				PRODUCT_BUNDLE_IDENTIFIER = dev.beehive.RemoteBees;
				PRODUCT_NAME = "$(TARGET_NAME)";
				PROVISIONING_PROFILE_SPECIFIER = "";
				SWIFT_VERSION = 5.0;
				TARGETED_DEVICE_FAMILY = "1,2";
			};
			name = Release;
		};
		61A6C9C4256859CD00A2034B /* Debug */ = {
			isa = XCBuildConfiguration;
			buildSettings = {
				ALWAYS_EMBED_SWIFT_STANDARD_LIBRARIES = YES;
				BUNDLE_LOADER = "$(TEST_HOST)";
				CODE_SIGN_STYLE = Manual;
				DEVELOPMENT_TEAM = "";
				INFOPLIST_FILE = RemoteBeesTests/Info.plist;
				IPHONEOS_DEPLOYMENT_TARGET = 14.2;
				LD_RUNPATH_SEARCH_PATHS = (
					"$(inherited)",
					"@executable_path/Frameworks",
					"@loader_path/Frameworks",
				);
				PRODUCT_BUNDLE_IDENTIFIER = dev.kwork.RemoteBeesTests;
				PRODUCT_NAME = "$(TARGET_NAME)";
				PROVISIONING_PROFILE_SPECIFIER = "";
				"PROVISIONING_PROFILE_SPECIFIER[sdk=macosx*]" = "";
				SWIFT_VERSION = 5.0;
				TARGETED_DEVICE_FAMILY = "1,2";
				TEST_HOST = "$(BUILT_PRODUCTS_DIR)/RemoteBees.app/RemoteBees";
			};
			name = Debug;
		};
		61A6C9C5256859CD00A2034B /* Release */ = {
			isa = XCBuildConfiguration;
			buildSettings = {
				ALWAYS_EMBED_SWIFT_STANDARD_LIBRARIES = YES;
				BUNDLE_LOADER = "$(TEST_HOST)";
				CODE_SIGN_STYLE = Manual;
				DEVELOPMENT_TEAM = "";
				INFOPLIST_FILE = RemoteBeesTests/Info.plist;
				IPHONEOS_DEPLOYMENT_TARGET = 14.2;
				LD_RUNPATH_SEARCH_PATHS = (
					"$(inherited)",
					"@executable_path/Frameworks",
					"@loader_path/Frameworks",
				);
				PRODUCT_BUNDLE_IDENTIFIER = dev.kwork.RemoteBeesTests;
				PRODUCT_NAME = "$(TARGET_NAME)";
				PROVISIONING_PROFILE_SPECIFIER = "";
				"PROVISIONING_PROFILE_SPECIFIER[sdk=macosx*]" = "";
				SWIFT_VERSION = 5.0;
				TARGETED_DEVICE_FAMILY = "1,2";
				TEST_HOST = "$(BUILT_PRODUCTS_DIR)/RemoteBees.app/RemoteBees";
			};
			name = Release;
		};
		61A6C9C7256859CD00A2034B /* Debug */ = {
			isa = XCBuildConfiguration;
			buildSettings = {
				ALWAYS_EMBED_SWIFT_STANDARD_LIBRARIES = YES;
				CODE_SIGN_STYLE = Manual;
				DEVELOPMENT_TEAM = "";
				INFOPLIST_FILE = RemoteBeesUITests/Info.plist;
				LD_RUNPATH_SEARCH_PATHS = (
					"$(inherited)",
					"@executable_path/Frameworks",
					"@loader_path/Frameworks",
				);
				PRODUCT_BUNDLE_IDENTIFIER = dev.kwork.RemoteBeesUITests;
				PRODUCT_NAME = "$(TARGET_NAME)";
				PROVISIONING_PROFILE_SPECIFIER = "";
				"PROVISIONING_PROFILE_SPECIFIER[sdk=macosx*]" = "";
				SWIFT_VERSION = 5.0;
				TARGETED_DEVICE_FAMILY = "1,2";
				TEST_TARGET_NAME = RemoteBees;
			};
			name = Debug;
		};
		61A6C9C8256859CD00A2034B /* Release */ = {
			isa = XCBuildConfiguration;
			buildSettings = {
				ALWAYS_EMBED_SWIFT_STANDARD_LIBRARIES = YES;
				CODE_SIGN_STYLE = Manual;
				DEVELOPMENT_TEAM = "";
				INFOPLIST_FILE = RemoteBeesUITests/Info.plist;
				LD_RUNPATH_SEARCH_PATHS = (
					"$(inherited)",
					"@executable_path/Frameworks",
					"@loader_path/Frameworks",
				);
				PRODUCT_BUNDLE_IDENTIFIER = dev.kwork.RemoteBeesUITests;
				PRODUCT_NAME = "$(TARGET_NAME)";
				PROVISIONING_PROFILE_SPECIFIER = "";
				"PROVISIONING_PROFILE_SPECIFIER[sdk=macosx*]" = "";
				SWIFT_VERSION = 5.0;
				TARGETED_DEVICE_FAMILY = "1,2";
				TEST_TARGET_NAME = RemoteBees;
			};
			name = Release;
		};
/* End XCBuildConfiguration section */

/* Begin XCConfigurationList section */
		6156A9042571576C00FADE2B /* Build configuration list for PBXNativeTarget "RemoteBeesDependencies" */ = {
			isa = XCConfigurationList;
			buildConfigurations = (
				6156A9052571576C00FADE2B /* Debug */,
				6156A9062571576C00FADE2B /* Release */,
			);
			defaultConfigurationIsVisible = 0;
			defaultConfigurationName = Release;
		};
		61A6C991256859CC00A2034B /* Build configuration list for PBXProject "RemoteBees" */ = {
			isa = XCConfigurationList;
			buildConfigurations = (
				61A6C9BE256859CD00A2034B /* Debug */,
				61A6C9BF256859CD00A2034B /* Release */,
			);
			defaultConfigurationIsVisible = 0;
			defaultConfigurationName = Release;
		};
		61A6C9C0256859CD00A2034B /* Build configuration list for PBXNativeTarget "RemoteBees" */ = {
			isa = XCConfigurationList;
			buildConfigurations = (
				61A6C9C1256859CD00A2034B /* Debug */,
				61A6C9C2256859CD00A2034B /* Release */,
			);
			defaultConfigurationIsVisible = 0;
			defaultConfigurationName = Release;
		};
		61A6C9C3256859CD00A2034B /* Build configuration list for PBXNativeTarget "RemoteBeesTests" */ = {
			isa = XCConfigurationList;
			buildConfigurations = (
				61A6C9C4256859CD00A2034B /* Debug */,
				61A6C9C5256859CD00A2034B /* Release */,
			);
			defaultConfigurationIsVisible = 0;
			defaultConfigurationName = Release;
		};
		61A6C9C6256859CD00A2034B /* Build configuration list for PBXNativeTarget "RemoteBeesUITests" */ = {
			isa = XCConfigurationList;
			buildConfigurations = (
				61A6C9C7256859CD00A2034B /* Debug */,
				61A6C9C8256859CD00A2034B /* Release */,
			);
			defaultConfigurationIsVisible = 0;
			defaultConfigurationName = Release;
		};
/* End XCConfigurationList section */

/* Begin XCRemoteSwiftPackageReference section */
		61A6C9D125686A5500A2034B /* XCRemoteSwiftPackageReference "PromiseKit" */ = {
			isa = XCRemoteSwiftPackageReference;
			repositoryURL = "https://github.com/mxcl/PromiseKit";
			requirement = {
				kind = upToNextMajorVersion;
				minimumVersion = 6.13.3;
			};
		};
		61A6C9D725686A6F00A2034B /* XCRemoteSwiftPackageReference "swift-log" */ = {
			isa = XCRemoteSwiftPackageReference;
			repositoryURL = "https://github.com/apple/swift-log.git";
			requirement = {
				kind = upToNextMajorVersion;
				minimumVersion = 1.4.0;
			};
		};
		61A6C9DD25686A8B00A2034B /* XCRemoteSwiftPackageReference "swift-log-oslog" */ = {
			isa = XCRemoteSwiftPackageReference;
			repositoryURL = "https://github.com/inmotionsoftware/swift-log-oslog";
			requirement = {
				kind = upToNextMajorVersion;
				minimumVersion = 1.0.0;
			};
		};
		61A6C9F225686B3100A2034B /* XCRemoteSwiftPackageReference "HTTPServiceKit" */ = {
			isa = XCRemoteSwiftPackageReference;
			repositoryURL = "https://github.com/inmotionsoftware/HTTPServiceKit";
			requirement = {
				kind = upToNextMajorVersion;
				minimumVersion = 1.0.1;
			};
		};
		61A6C9F825686C6800A2034B /* XCRemoteSwiftPackageReference "couchbase-lite-ios" */ = {
			isa = XCRemoteSwiftPackageReference;
			repositoryURL = "https://github.com/couchbase/couchbase-lite-ios.git";
			requirement = {
				kind = upToNextMajorVersion;
				minimumVersion = 2.8.1;
			};
		};
		61A6C9FE25686CA500A2034B /* XCRemoteSwiftPackageReference "FlowKit" */ = {
			isa = XCRemoteSwiftPackageReference;
			repositoryURL = "https://github.com/inmotionsoftware/FlowKit";
			requirement = {
				kind = upToNextMajorVersion;
				minimumVersion = 0.1.17;
			};
		};
		61A6CA2725687FFA00A2034B /* XCRemoteSwiftPackageReference "lottie-ios" */ = {
			isa = XCRemoteSwiftPackageReference;
			repositoryURL = "https://github.com/airbnb/lottie-ios.git";
			requirement = {
				kind = upToNextMajorVersion;
				minimumVersion = 3.1.9;
			};
		};
/* End XCRemoteSwiftPackageReference section */

/* Begin XCSwiftPackageProductDependency section */
		6156A913257157AA00FADE2B /* PromiseKit */ = {
			isa = XCSwiftPackageProductDependency;
			package = 61A6C9D125686A5500A2034B /* XCRemoteSwiftPackageReference "PromiseKit" */;
			productName = PromiseKit;
		};
		6156A91D257157E700FADE2B /* HTTPServiceKit */ = {
			isa = XCSwiftPackageProductDependency;
			package = 61A6C9F225686B3100A2034B /* XCRemoteSwiftPackageReference "HTTPServiceKit" */;
			productName = HTTPServiceKit;
		};
		6156A91F257157EF00FADE2B /* FlowKit */ = {
			isa = XCSwiftPackageProductDependency;
			package = 61A6C9FE25686CA500A2034B /* XCRemoteSwiftPackageReference "FlowKit" */;
			productName = FlowKit;
		};
		61A6C9D825686A6F00A2034B /* Logging */ = {
			isa = XCSwiftPackageProductDependency;
			package = 61A6C9D725686A6F00A2034B /* XCRemoteSwiftPackageReference "swift-log" */;
			productName = Logging;
		};
		61A6C9DE25686A8B00A2034B /* LoggingOSLog */ = {
			isa = XCSwiftPackageProductDependency;
			package = 61A6C9DD25686A8B00A2034B /* XCRemoteSwiftPackageReference "swift-log-oslog" */;
			productName = LoggingOSLog;
		};
		61A6C9F925686C6800A2034B /* CouchbaseLiteSwift */ = {
			isa = XCSwiftPackageProductDependency;
			package = 61A6C9F825686C6800A2034B /* XCRemoteSwiftPackageReference "couchbase-lite-ios" */;
			productName = CouchbaseLiteSwift;
		};
		61A6CA2825687FFA00A2034B /* Lottie */ = {
			isa = XCSwiftPackageProductDependency;
			package = 61A6CA2725687FFA00A2034B /* XCRemoteSwiftPackageReference "lottie-ios" */;
			productName = Lottie;
		};
/* End XCSwiftPackageProductDependency section */
	};
	rootObject = 61A6C98E256859CC00A2034B /* Project object */;
}
